// !$*UTF8*$!
{
	archiveVersion = 1;
	classes = {
	};
	objectVersion = 56;
	objects = {

/* Begin PBXBuildFile section */
		2315A7CD2A705E1800F12DDA /* AppDelegate.swift in Sources */ = {isa = PBXBuildFile; fileRef = 2315A7CC2A705E1800F12DDA /* AppDelegate.swift */; };
		2315A7CF2A705E1800F12DDA /* SceneDelegate.swift in Sources */ = {isa = PBXBuildFile; fileRef = 2315A7CE2A705E1800F12DDA /* SceneDelegate.swift */; };
		2315A7D12A705E1800F12DDA /* ViewController.swift in Sources */ = {isa = PBXBuildFile; fileRef = 2315A7D02A705E1800F12DDA /* ViewController.swift */; };
		2315A7D42A705E1800F12DDA /* Main.storyboard in Resources */ = {isa = PBXBuildFile; fileRef = 2315A7D22A705E1800F12DDA /* Main.storyboard */; };
		2315A7D62A705E1D00F12DDA /* Assets.xcassets in Resources */ = {isa = PBXBuildFile; fileRef = 2315A7D52A705E1D00F12DDA /* Assets.xcassets */; };
		2315A7D92A705E1D00F12DDA /* LaunchScreen.storyboard in Resources */ = {isa = PBXBuildFile; fileRef = 2315A7D72A705E1D00F12DDA /* LaunchScreen.storyboard */; };
		2315A7E42A705E1E00F12DDA /* XylophoneTests.swift in Sources */ = {isa = PBXBuildFile; fileRef = 2315A7E32A705E1E00F12DDA /* XylophoneTests.swift */; };
		2315A7EE2A705E1E00F12DDA /* XylophoneUITests.swift in Sources */ = {isa = PBXBuildFile; fileRef = 2315A7ED2A705E1E00F12DDA /* XylophoneUITests.swift */; };
		2315A7F02A705E1E00F12DDA /* XylophoneUITestsLaunchTests.swift in Sources */ = {isa = PBXBuildFile; fileRef = 2315A7EF2A705E1E00F12DDA /* XylophoneUITestsLaunchTests.swift */; };
		23B113532A7075A500025F20 /* Sounds in Resources */ = {isa = PBXBuildFile; fileRef = 23B113512A7065B500025F20 /* Sounds */; };
		23B1135B2A7076E900025F20 /* A.wav in Resources */ = {isa = PBXBuildFile; fileRef = 23B113562A7076B600025F20 /* A.wav */; };
		23B1135C2A7076E900025F20 /* B.wav in Resources */ = {isa = PBXBuildFile; fileRef = 23B1135A2A7076B600025F20 /* B.wav */; };
		23B1135D2A7076E900025F20 /* C.wav in Resources */ = {isa = PBXBuildFile; fileRef = 23B113552A7076B600025F20 /* C.wav */; };
		23B1135E2A7076E900025F20 /* D.wav in Resources */ = {isa = PBXBuildFile; fileRef = 23B113592A7076B600025F20 /* D.wav */; };
		23B1135F2A7076E900025F20 /* E.wav in Resources */ = {isa = PBXBuildFile; fileRef = 23B113572A7076B600025F20 /* E.wav */; };
		23B113602A7076E900025F20 /* F.wav in Resources */ = {isa = PBXBuildFile; fileRef = 23B113582A7076B600025F20 /* F.wav */; };
		23B113612A7076E900025F20 /* G.wav in Resources */ = {isa = PBXBuildFile; fileRef = 23B113542A7076B600025F20 /* G.wav */; };
/* End PBXBuildFile section */

/* Begin PBXContainerItemProxy section */
		2315A7E02A705E1E00F12DDA /* PBXContainerItemProxy */ = {
			isa = PBXContainerItemProxy;
			containerPortal = 2315A7C12A705E1800F12DDA /* Project object */;
			proxyType = 1;
			remoteGlobalIDString = 2315A7C82A705E1800F12DDA;
			remoteInfo = Xylophone;
		};
		2315A7EA2A705E1E00F12DDA /* PBXContainerItemProxy */ = {
			isa = PBXContainerItemProxy;
			containerPortal = 2315A7C12A705E1800F12DDA /* Project object */;
			proxyType = 1;
			remoteGlobalIDString = 2315A7C82A705E1800F12DDA;
			remoteInfo = Xylophone;
		};
/* End PBXContainerItemProxy section */

/* Begin PBXFileReference section */
		2315A7C92A705E1800F12DDA /* Xylophone.app */ = {isa = PBXFileReference; explicitFileType = wrapper.application; includeInIndex = 0; path = Xylophone.app; sourceTree = BUILT_PRODUCTS_DIR; };
		2315A7CC2A705E1800F12DDA /* AppDelegate.swift */ = {isa = PBXFileReference; lastKnownFileType = sourcecode.swift; path = AppDelegate.swift; sourceTree = "<group>"; };
		2315A7CE2A705E1800F12DDA /* SceneDelegate.swift */ = {isa = PBXFileReference; lastKnownFileType = sourcecode.swift; path = SceneDelegate.swift; sourceTree = "<group>"; };
		2315A7D02A705E1800F12DDA /* ViewController.swift */ = {isa = PBXFileReference; lastKnownFileType = sourcecode.swift; name = ViewController.swift; path = Xylophone/ViewController.swift; sourceTree = SOURCE_ROOT; };
		2315A7D32A705E1800F12DDA /* Base */ = {isa = PBXFileReference; lastKnownFileType = file.storyboard; name = Base; path = Base.lproj/Main.storyboard; sourceTree = "<group>"; };
		2315A7D52A705E1D00F12DDA /* Assets.xcassets */ = {isa = PBXFileReference; lastKnownFileType = folder.assetcatalog; path = Assets.xcassets; sourceTree = "<group>"; };
		2315A7D82A705E1D00F12DDA /* Base */ = {isa = PBXFileReference; lastKnownFileType = file.storyboard; name = Base; path = Base.lproj/LaunchScreen.storyboard; sourceTree = "<group>"; };
		2315A7DA2A705E1D00F12DDA /* Info.plist */ = {isa = PBXFileReference; lastKnownFileType = text.plist.xml; path = Info.plist; sourceTree = "<group>"; };
		2315A7DF2A705E1E00F12DDA /* XylophoneTests.xctest */ = {isa = PBXFileReference; explicitFileType = wrapper.cfbundle; includeInIndex = 0; path = XylophoneTests.xctest; sourceTree = BUILT_PRODUCTS_DIR; };
		2315A7E32A705E1E00F12DDA /* XylophoneTests.swift */ = {isa = PBXFileReference; lastKnownFileType = sourcecode.swift; path = XylophoneTests.swift; sourceTree = "<group>"; };
		2315A7E92A705E1E00F12DDA /* XylophoneUITests.xctest */ = {isa = PBXFileReference; explicitFileType = wrapper.cfbundle; includeInIndex = 0; path = XylophoneUITests.xctest; sourceTree = BUILT_PRODUCTS_DIR; };
		2315A7ED2A705E1E00F12DDA /* XylophoneUITests.swift */ = {isa = PBXFileReference; lastKnownFileType = sourcecode.swift; path = XylophoneUITests.swift; sourceTree = "<group>"; };
		2315A7EF2A705E1E00F12DDA /* XylophoneUITestsLaunchTests.swift */ = {isa = PBXFileReference; lastKnownFileType = sourcecode.swift; path = XylophoneUITestsLaunchTests.swift; sourceTree = "<group>"; };
		23B113512A7065B500025F20 /* Sounds */ = {isa = PBXFileReference; lastKnownFileType = folder; path = Sounds; sourceTree = "<group>"; };
		23B113542A7076B600025F20 /* G.wav */ = {isa = PBXFileReference; lastKnownFileType = audio.wav; path = G.wav; sourceTree = "<group>"; };
		23B113552A7076B600025F20 /* C.wav */ = {isa = PBXFileReference; lastKnownFileType = audio.wav; path = C.wav; sourceTree = "<group>"; };
		23B113562A7076B600025F20 /* A.wav */ = {isa = PBXFileReference; lastKnownFileType = audio.wav; path = A.wav; sourceTree = "<group>"; };
		23B113572A7076B600025F20 /* E.wav */ = {isa = PBXFileReference; lastKnownFileType = audio.wav; path = E.wav; sourceTree = "<group>"; };
		23B113582A7076B600025F20 /* F.wav */ = {isa = PBXFileReference; lastKnownFileType = audio.wav; path = F.wav; sourceTree = "<group>"; };
		23B113592A7076B600025F20 /* D.wav */ = {isa = PBXFileReference; lastKnownFileType = audio.wav; path = D.wav; sourceTree = "<group>"; };
		23B1135A2A7076B600025F20 /* B.wav */ = {isa = PBXFileReference; lastKnownFileType = audio.wav; path = B.wav; sourceTree = "<group>"; };
/* End PBXFileReference section */

/* Begin PBXFrameworksBuildPhase section */
		2315A7C62A705E1800F12DDA /* Frameworks */ = {
			isa = PBXFrameworksBuildPhase;
			buildActionMask = 2147483647;
			files = (
			);
			runOnlyForDeploymentPostprocessing = 0;
		};
		2315A7DC2A705E1E00F12DDA /* Frameworks */ = {
			isa = PBXFrameworksBuildPhase;
			buildActionMask = 2147483647;
			files = (
			);
			runOnlyForDeploymentPostprocessing = 0;
		};
		2315A7E62A705E1E00F12DDA /* Frameworks */ = {
			isa = PBXFrameworksBuildPhase;
			buildActionMask = 2147483647;
			files = (
			);
			runOnlyForDeploymentPostprocessing = 0;
		};
/* End PBXFrameworksBuildPhase section */

/* Begin PBXGroup section */
		2315A7C02A705E1800F12DDA = {
			isa = PBXGroup;
			children = (
				2315A7CB2A705E1800F12DDA /* Xylophone */,
				2315A7E22A705E1E00F12DDA /* XylophoneTests */,
				2315A7EC2A705E1E00F12DDA /* XylophoneUITests */,
				2315A7CA2A705E1800F12DDA /* Products */,
			);
			sourceTree = "<group>";
		};
		2315A7CA2A705E1800F12DDA /* Products */ = {
			isa = PBXGroup;
			children = (
				2315A7C92A705E1800F12DDA /* Xylophone.app */,
				2315A7DF2A705E1E00F12DDA /* XylophoneTests.xctest */,
				2315A7E92A705E1E00F12DDA /* XylophoneUITests.xctest */,
			);
			name = Products;
			sourceTree = "<group>";
		};
		2315A7CB2A705E1800F12DDA /* Xylophone */ = {
			isa = PBXGroup;
			children = (
				23B113562A7076B600025F20 /* A.wav */,
				23B1135A2A7076B600025F20 /* B.wav */,
				23B113552A7076B600025F20 /* C.wav */,
				23B113592A7076B600025F20 /* D.wav */,
				23B113572A7076B600025F20 /* E.wav */,
				23B113582A7076B600025F20 /* F.wav */,
				23B113542A7076B600025F20 /* G.wav */,
				2315A7CC2A705E1800F12DDA /* AppDelegate.swift */,
				2315A7CE2A705E1800F12DDA /* SceneDelegate.swift */,
				2315A7D02A705E1800F12DDA /* ViewController.swift */,
				2315A7D22A705E1800F12DDA /* Main.storyboard */,
				2315A7D52A705E1D00F12DDA /* Assets.xcassets */,
				2315A7D72A705E1D00F12DDA /* LaunchScreen.storyboard */,
				2315A7DA2A705E1D00F12DDA /* Info.plist */,
				23B113512A7065B500025F20 /* Sounds */,
			);
			path = Xylophone;
			sourceTree = "<group>";
		};
		2315A7E22A705E1E00F12DDA /* XylophoneTests */ = {
			isa = PBXGroup;
			children = (
				2315A7E32A705E1E00F12DDA /* XylophoneTests.swift */,
			);
			path = XylophoneTests;
			sourceTree = "<group>";
		};
		2315A7EC2A705E1E00F12DDA /* XylophoneUITests */ = {
			isa = PBXGroup;
			children = (
				2315A7ED2A705E1E00F12DDA /* XylophoneUITests.swift */,
				2315A7EF2A705E1E00F12DDA /* XylophoneUITestsLaunchTests.swift */,
			);
			path = XylophoneUITests;
			sourceTree = "<group>";
		};
/* End PBXGroup section */

/* Begin PBXNativeTarget section */
		2315A7C82A705E1800F12DDA /* Xylophone */ = {
			isa = PBXNativeTarget;
			buildConfigurationList = 2315A7F32A705E1E00F12DDA /* Build configuration list for PBXNativeTarget "Xylophone" */;
			buildPhases = (
				2315A7C52A705E1800F12DDA /* Sources */,
				2315A7C62A705E1800F12DDA /* Frameworks */,
				2315A7C72A705E1800F12DDA /* Resources */,
			);
			buildRules = (
			);
			dependencies = (
			);
			name = Xylophone;
			productName = Xylophone;
			productReference = 2315A7C92A705E1800F12DDA /* Xylophone.app */;
			productType = "com.apple.product-type.application";
		};
		2315A7DE2A705E1E00F12DDA /* XylophoneTests */ = {
			isa = PBXNativeTarget;
			buildConfigurationList = 2315A7F62A705E1E00F12DDA /* Build configuration list for PBXNativeTarget "XylophoneTests" */;
			buildPhases = (
				2315A7DB2A705E1E00F12DDA /* Sources */,
				2315A7DC2A705E1E00F12DDA /* Frameworks */,
				2315A7DD2A705E1E00F12DDA /* Resources */,
			);
			buildRules = (
			);
			dependencies = (
				2315A7E12A705E1E00F12DDA /* PBXTargetDependency */,
			);
			name = XylophoneTests;
			productName = XylophoneTests;
			productReference = 2315A7DF2A705E1E00F12DDA /* XylophoneTests.xctest */;
			productType = "com.apple.product-type.bundle.unit-test";
		};
		2315A7E82A705E1E00F12DDA /* XylophoneUITests */ = {
			isa = PBXNativeTarget;
			buildConfigurationList = 2315A7F92A705E1E00F12DDA /* Build configuration list for PBXNativeTarget "XylophoneUITests" */;
			buildPhases = (
				2315A7E52A705E1E00F12DDA /* Sources */,
				2315A7E62A705E1E00F12DDA /* Frameworks */,
				2315A7E72A705E1E00F12DDA /* Resources */,
			);
			buildRules = (
			);
			dependencies = (
				2315A7EB2A705E1E00F12DDA /* PBXTargetDependency */,
			);
			name = XylophoneUITests;
			productName = XylophoneUITests;
			productReference = 2315A7E92A705E1E00F12DDA /* XylophoneUITests.xctest */;
			productType = "com.apple.product-type.bundle.ui-testing";
		};
/* End PBXNativeTarget section */

/* Begin PBXProject section */
		2315A7C12A705E1800F12DDA /* Project object */ = {
			isa = PBXProject;
			attributes = {
				BuildIndependentTargetsInParallel = 1;
				LastSwiftUpdateCheck = 1500;
				LastUpgradeCheck = 1500;
				TargetAttributes = {
					2315A7C82A705E1800F12DDA = {
						CreatedOnToolsVersion = 15.0;
					};
					2315A7DE2A705E1E00F12DDA = {
						CreatedOnToolsVersion = 15.0;
						TestTargetID = 2315A7C82A705E1800F12DDA;
					};
					2315A7E82A705E1E00F12DDA = {
						CreatedOnToolsVersion = 15.0;
						TestTargetID = 2315A7C82A705E1800F12DDA;
					};
				};
			};
			buildConfigurationList = 2315A7C42A705E1800F12DDA /* Build configuration list for PBXProject "Xylophone" */;
			compatibilityVersion = "Xcode 14.0";
			developmentRegion = en;
			hasScannedForEncodings = 0;
			knownRegions = (
				en,
				Base,
			);
			mainGroup = 2315A7C02A705E1800F12DDA;
			productRefGroup = 2315A7CA2A705E1800F12DDA /* Products */;
			projectDirPath = "";
			projectRoot = "";
			targets = (
				2315A7C82A705E1800F12DDA /* Xylophone */,
				2315A7DE2A705E1E00F12DDA /* XylophoneTests */,
				2315A7E82A705E1E00F12DDA /* XylophoneUITests */,
			);
		};
/* End PBXProject section */

/* Begin PBXResourcesBuildPhase section */
		2315A7C72A705E1800F12DDA /* Resources */ = {
			isa = PBXResourcesBuildPhase;
			buildActionMask = 2147483647;
			files = (
				23B1135B2A7076E900025F20 /* A.wav in Resources */,
				23B1135C2A7076E900025F20 /* B.wav in Resources */,
				23B1135D2A7076E900025F20 /* C.wav in Resources */,
				23B1135E2A7076E900025F20 /* D.wav in Resources */,
				23B1135F2A7076E900025F20 /* E.wav in Resources */,
				23B113602A7076E900025F20 /* F.wav in Resources */,
				23B113612A7076E900025F20 /* G.wav in Resources */,
				23B113532A7075A500025F20 /* Sounds in Resources */,
				2315A7D92A705E1D00F12DDA /* LaunchScreen.storyboard in Resources */,
				2315A7D62A705E1D00F12DDA /* Assets.xcassets in Resources */,
				2315A7D42A705E1800F12DDA /* Main.storyboard in Resources */,
			);
			runOnlyForDeploymentPostprocessing = 0;
		};
		2315A7DD2A705E1E00F12DDA /* Resources */ = {
			isa = PBXResourcesBuildPhase;
			buildActionMask = 2147483647;
			files = (
			);
			runOnlyForDeploymentPostprocessing = 0;
		};
		2315A7E72A705E1E00F12DDA /* Resources */ = {
			isa = PBXResourcesBuildPhase;
			buildActionMask = 2147483647;
			files = (
			);
			runOnlyForDeploymentPostprocessing = 0;
		};
/* End PBXResourcesBuildPhase section */

/* Begin PBXSourcesBuildPhase section */
		2315A7C52A705E1800F12DDA /* Sources */ = {
			isa = PBXSourcesBuildPhase;
			buildActionMask = 2147483647;
			files = (
				2315A7D12A705E1800F12DDA /* ViewController.swift in Sources */,
				2315A7CD2A705E1800F12DDA /* AppDelegate.swift in Sources */,
				2315A7CF2A705E1800F12DDA /* SceneDelegate.swift in Sources */,
			);
			runOnlyForDeploymentPostprocessing = 0;
		};
		2315A7DB2A705E1E00F12DDA /* Sources */ = {
			isa = PBXSourcesBuildPhase;
			buildActionMask = 2147483647;
			files = (
				2315A7E42A705E1E00F12DDA /* XylophoneTests.swift in Sources */,
			);
			runOnlyForDeploymentPostprocessing = 0;
		};
		2315A7E52A705E1E00F12DDA /* Sources */ = {
			isa = PBXSourcesBuildPhase;
			buildActionMask = 2147483647;
			files = (
				2315A7EE2A705E1E00F12DDA /* XylophoneUITests.swift in Sources */,
				2315A7F02A705E1E00F12DDA /* XylophoneUITestsLaunchTests.swift in Sources */,
			);
			runOnlyForDeploymentPostprocessing = 0;
		};
/* End PBXSourcesBuildPhase section */

/* Begin PBXTargetDependency section */
		2315A7E12A705E1E00F12DDA /* PBXTargetDependency */ = {
			isa = PBXTargetDependency;
			target = 2315A7C82A705E1800F12DDA /* Xylophone */;
			targetProxy = 2315A7E02A705E1E00F12DDA /* PBXContainerItemProxy */;
		};
		2315A7EB2A705E1E00F12DDA /* PBXTargetDependency */ = {
			isa = PBXTargetDependency;
			target = 2315A7C82A705E1800F12DDA /* Xylophone */;
			targetProxy = 2315A7EA2A705E1E00F12DDA /* PBXContainerItemProxy */;
		};
/* End PBXTargetDependency section */

/* Begin PBXVariantGroup section */
		2315A7D22A705E1800F12DDA /* Main.storyboard */ = {
			isa = PBXVariantGroup;
			children = (
				2315A7D32A705E1800F12DDA /* Base */,
			);
			name = Main.storyboard;
			sourceTree = "<group>";
		};
		2315A7D72A705E1D00F12DDA /* LaunchScreen.storyboard */ = {
			isa = PBXVariantGroup;
			children = (
				2315A7D82A705E1D00F12DDA /* Base */,
			);
			name = LaunchScreen.storyboard;
			sourceTree = "<group>";
		};
/* End PBXVariantGroup section */

/* Begin XCBuildConfiguration section */
		2315A7F12A705E1E00F12DDA /* Debug */ = {
			isa = XCBuildConfiguration;
			buildSettings = {
				ALWAYS_SEARCH_USER_PATHS = NO;
				ASSETCATALOG_COMPILER_GENERATE_SWIFT_ASSET_SYMBOL_EXTENSIONS = YES;
				CLANG_ANALYZER_NONNULL = YES;
				CLANG_ANALYZER_NUMBER_OBJECT_CONVERSION = YES_AGGRESSIVE;
				CLANG_CXX_LANGUAGE_STANDARD = "gnu++20";
				CLANG_ENABLE_MODULES = YES;
				CLANG_ENABLE_OBJC_ARC = YES;
				CLANG_ENABLE_OBJC_WEAK = YES;
				CLANG_WARN_BLOCK_CAPTURE_AUTORELEASING = YES;
				CLANG_WARN_BOOL_CONVERSION = YES;
				CLANG_WARN_COMMA = YES;
				CLANG_WARN_CONSTANT_CONVERSION = YES;
				CLANG_WARN_DEPRECATED_OBJC_IMPLEMENTATIONS = YES;
				CLANG_WARN_DIRECT_OBJC_ISA_USAGE = YES_ERROR;
				CLANG_WARN_DOCUMENTATION_COMMENTS = YES;
				CLANG_WARN_EMPTY_BODY = YES;
				CLANG_WARN_ENUM_CONVERSION = YES;
				CLANG_WARN_INFINITE_RECURSION = YES;
				CLANG_WARN_INT_CONVERSION = YES;
				CLANG_WARN_NON_LITERAL_NULL_CONVERSION = YES;
				CLANG_WARN_OBJC_IMPLICIT_RETAIN_SELF = YES;
				CLANG_WARN_OBJC_LITERAL_CONVERSION = YES;
				CLANG_WARN_OBJC_ROOT_CLASS = YES_ERROR;
				CLANG_WARN_QUOTED_INCLUDE_IN_FRAMEWORK_HEADER = YES;
				CLANG_WARN_RANGE_LOOP_ANALYSIS = YES;
				CLANG_WARN_STRICT_PROTOTYPES = YES;
				CLANG_WARN_SUSPICIOUS_MOVE = YES;
				CLANG_WARN_UNGUARDED_AVAILABILITY = YES_AGGRESSIVE;
				CLANG_WARN_UNREACHABLE_CODE = YES;
				CLANG_WARN__DUPLICATE_METHOD_MATCH = YES;
				COPY_PHASE_STRIP = NO;
				DEBUG_INFORMATION_FORMAT = dwarf;
				ENABLE_STRICT_OBJC_MSGSEND = YES;
				ENABLE_TESTABILITY = YES;
				ENABLE_USER_SCRIPT_SANDBOXING = YES;
				GCC_C_LANGUAGE_STANDARD = gnu17;
				GCC_DYNAMIC_NO_PIC = NO;
				GCC_NO_COMMON_BLOCKS = YES;
				GCC_OPTIMIZATION_LEVEL = 0;
				GCC_PREPROCESSOR_DEFINITIONS = (
					"DEBUG=1",
					"$(inherited)",
				);
				GCC_WARN_64_TO_32_BIT_CONVERSION = YES;
				GCC_WARN_ABOUT_RETURN_TYPE = YES_ERROR;
				GCC_WARN_UNDECLARED_SELECTOR = YES;
				GCC_WARN_UNINITIALIZED_AUTOS = YES_AGGRESSIVE;
				GCC_WARN_UNUSED_FUNCTION = YES;
				GCC_WARN_UNUSED_VARIABLE = YES;
				IPHONEOS_DEPLOYMENT_TARGET = 17.0;
				LOCALIZATION_PREFERS_STRING_CATALOGS = YES;
				MTL_ENABLE_DEBUG_INFO = INCLUDE_SOURCE;
				MTL_FAST_MATH = YES;
				ONLY_ACTIVE_ARCH = YES;
				SDKROOT = iphoneos;
				SWIFT_ACTIVE_COMPILATION_CONDITIONS = "DEBUG $(inherited)";
				SWIFT_OPTIMIZATION_LEVEL = "-Onone";
			};
			name = Debug;
		};
		2315A7F22A705E1E00F12DDA /* Release */ = {
			isa = XCBuildConfiguration;
			buildSettings = {
				ALWAYS_SEARCH_USER_PATHS = NO;
				ASSETCATALOG_COMPILER_GENERATE_SWIFT_ASSET_SYMBOL_EXTENSIONS = YES;
				CLANG_ANALYZER_NONNULL = YES;
				CLANG_ANALYZER_NUMBER_OBJECT_CONVERSION = YES_AGGRESSIVE;
				CLANG_CXX_LANGUAGE_STANDARD = "gnu++20";
				CLANG_ENABLE_MODULES = YES;
				CLANG_ENABLE_OBJC_ARC = YES;
				CLANG_ENABLE_OBJC_WEAK = YES;
				CLANG_WARN_BLOCK_CAPTURE_AUTORELEASING = YES;
				CLANG_WARN_BOOL_CONVERSION = YES;
				CLANG_WARN_COMMA = YES;
				CLANG_WARN_CONSTANT_CONVERSION = YES;
				CLANG_WARN_DEPRECATED_OBJC_IMPLEMENTATIONS = YES;
				CLANG_WARN_DIRECT_OBJC_ISA_USAGE = YES_ERROR;
				CLANG_WARN_DOCUMENTATION_COMMENTS = YES;
				CLANG_WARN_EMPTY_BODY = YES;
				CLANG_WARN_ENUM_CONVERSION = YES;
				CLANG_WARN_INFINITE_RECURSION = YES;
				CLANG_WARN_INT_CONVERSION = YES;
				CLANG_WARN_NON_LITERAL_NULL_CONVERSION = YES;
				CLANG_WARN_OBJC_IMPLICIT_RETAIN_SELF = YES;
				CLANG_WARN_OBJC_LITERAL_CONVERSION = YES;
				CLANG_WARN_OBJC_ROOT_CLASS = YES_ERROR;
				CLANG_WARN_QUOTED_INCLUDE_IN_FRAMEWORK_HEADER = YES;
				CLANG_WARN_RANGE_LOOP_ANALYSIS = YES;
				CLANG_WARN_STRICT_PROTOTYPES = YES;
				CLANG_WARN_SUSPICIOUS_MOVE = YES;
				CLANG_WARN_UNGUARDED_AVAILABILITY = YES_AGGRESSIVE;
				CLANG_WARN_UNREACHABLE_CODE = YES;
				CLANG_WARN__DUPLICATE_METHOD_MATCH = YES;
				COPY_PHASE_STRIP = NO;
				DEBUG_INFORMATION_FORMAT = "dwarf-with-dsym";
				ENABLE_NS_ASSERTIONS = NO;
				ENABLE_STRICT_OBJC_MSGSEND = YES;
				ENABLE_USER_SCRIPT_SANDBOXING = YES;
				GCC_C_LANGUAGE_STANDARD = gnu17;
				GCC_NO_COMMON_BLOCKS = YES;
				GCC_WARN_64_TO_32_BIT_CONVERSION = YES;
				GCC_WARN_ABOUT_RETURN_TYPE = YES_ERROR;
				GCC_WARN_UNDECLARED_SELECTOR = YES;
				GCC_WARN_UNINITIALIZED_AUTOS = YES_AGGRESSIVE;
				GCC_WARN_UNUSED_FUNCTION = YES;
				GCC_WARN_UNUSED_VARIABLE = YES;
				IPHONEOS_DEPLOYMENT_TARGET = 17.0;
				LOCALIZATION_PREFERS_STRING_CATALOGS = YES;
				MTL_ENABLE_DEBUG_INFO = NO;
				MTL_FAST_MATH = YES;
				SDKROOT = iphoneos;
				SWIFT_COMPILATION_MODE = wholemodule;
				VALIDATE_PRODUCT = YES;
			};
			name = Release;
		};
		2315A7F42A705E1E00F12DDA /* Debug */ = {
			isa = XCBuildConfiguration;
			buildSettings = {
				ASSETCATALOG_COMPILER_APPICON_NAME = AppIcon;
				ASSETCATALOG_COMPILER_GLOBAL_ACCENT_COLOR_NAME = AccentColor;
				CODE_SIGN_STYLE = Automatic;
				CURRENT_PROJECT_VERSION = 1;
				DEVELOPMENT_TEAM = G8DZCJ336Q;
				GENERATE_INFOPLIST_FILE = YES;
				INFOPLIST_FILE = Xylophone/Info.plist;
				INFOPLIST_KEY_UIApplicationSupportsIndirectInputEvents = YES;
				INFOPLIST_KEY_UILaunchStoryboardName = LaunchScreen;
				INFOPLIST_KEY_UIMainStoryboardFile = Main;
				INFOPLIST_KEY_UISupportedInterfaceOrientations = UIInterfaceOrientationPortrait;
				LD_RUNPATH_SEARCH_PATHS = (
					"$(inherited)",
					"@executable_path/Frameworks",
				);
				MARKETING_VERSION = 1.0;
				PRODUCT_BUNDLE_IDENTIFIER = com.eduardzepciuc.Xylophone;
				PRODUCT_NAME = "$(TARGET_NAME)";
				SWIFT_EMIT_LOC_STRINGS = YES;
				SWIFT_VERSION = 5.0;
				TARGETED_DEVICE_FAMILY = "1,2";
			};
			name = Debug;
		};
		2315A7F52A705E1E00F12DDA /* Release */ = {
			isa = XCBuildConfiguration;
			buildSettings = {
				ASSETCATALOG_COMPILER_APPICON_NAME = AppIcon;
				ASSETCATALOG_COMPILER_GLOBAL_ACCENT_COLOR_NAME = AccentColor;
				CODE_SIGN_STYLE = Automatic;
				CURRENT_PROJECT_VERSION = 1;
				DEVELOPMENT_TEAM = G8DZCJ336Q;
				GENERATE_INFOPLIST_FILE = YES;
				INFOPLIST_FILE = Xylophone/Info.plist;
				INFOPLIST_KEY_UIApplicationSupportsIndirectInputEvents = YES;
				INFOPLIST_KEY_UILaunchStoryboardName = LaunchScreen;
				INFOPLIST_KEY_UIMainStoryboardFile = Main;
				INFOPLIST_KEY_UISupportedInterfaceOrientations = UIInterfaceOrientationPortrait;
				LD_RUNPATH_SEARCH_PATHS = (
					"$(inherited)",
					"@executable_path/Frameworks",
				);
				MARKETING_VERSION = 1.0;
				PRODUCT_BUNDLE_IDENTIFIER = com.eduardzepciuc.Xylophone;
				PRODUCT_NAME = "$(TARGET_NAME)";
				SWIFT_EMIT_LOC_STRINGS = YES;
				SWIFT_VERSION = 5.0;
				TARGETED_DEVICE_FAMILY = "1,2";
			};
			name = Release;
		};
		2315A7F72A705E1E00F12DDA /* Debug */ = {
			isa = XCBuildConfiguration;
			buildSettings = {
				ALWAYS_EMBED_SWIFT_STANDARD_LIBRARIES = YES;
				BUNDLE_LOADER = "$(TEST_HOST)";
				CODE_SIGN_STYLE = Automatic;
				CURRENT_PROJECT_VERSION = 1;
				DEVELOPMENT_TEAM = G8DZCJ336Q;
				GENERATE_INFOPLIST_FILE = YES;
				IPHONEOS_DEPLOYMENT_TARGET = 17.0;
				MARKETING_VERSION = 1.0;
				PRODUCT_BUNDLE_IDENTIFIER = com.eduardzepciuc.XylophoneTests;
				PRODUCT_NAME = "$(TARGET_NAME)";
				SWIFT_EMIT_LOC_STRINGS = NO;
				SWIFT_VERSION = 5.0;
				TARGETED_DEVICE_FAMILY = "1,2";
				TEST_HOST = "$(BUILT_PRODUCTS_DIR)/Xylophone.app/$(BUNDLE_EXECUTABLE_FOLDER_PATH)/Xylophone";
			};
			name = Debug;
		};
		2315A7F82A705E1E00F12DDA /* Release */ = {
			isa = XCBuildConfiguration;
			buildSettings = {
				ALWAYS_EMBED_SWIFT_STANDARD_LIBRARIES = YES;
				BUNDLE_LOADER = "$(TEST_HOST)";
				CODE_SIGN_STYLE = Automatic;
				CURRENT_PROJECT_VERSION = 1;
				DEVELOPMENT_TEAM = G8DZCJ336Q;
				GENERATE_INFOPLIST_FILE = YES;
				IPHONEOS_DEPLOYMENT_TARGET = 17.0;
				MARKETING_VERSION = 1.0;
				PRODUCT_BUNDLE_IDENTIFIER = com.eduardzepciuc.XylophoneTests;
				PRODUCT_NAME = "$(TARGET_NAME)";
				SWIFT_EMIT_LOC_STRINGS = NO;
				SWIFT_VERSION = 5.0;
				TARGETED_DEVICE_FAMILY = "1,2";
				TEST_HOST = "$(BUILT_PRODUCTS_DIR)/Xylophone.app/$(BUNDLE_EXECUTABLE_FOLDER_PATH)/Xylophone";
			};
			name = Release;
		};
		2315A7FA2A705E1E00F12DDA /* Debug */ = {
			isa = XCBuildConfiguration;
			buildSettings = {
				ALWAYS_EMBED_SWIFT_STANDARD_LIBRARIES = YES;
				CODE_SIGN_STYLE = Automatic;
				CURRENT_PROJECT_VERSION = 1;
				DEVELOPMENT_TEAM = G8DZCJ336Q;
				GENERATE_INFOPLIST_FILE = YES;
				MARKETING_VERSION = 1.0;
				PRODUCT_BUNDLE_IDENTIFIER = com.eduardzepciuc.XylophoneUITests;
				PRODUCT_NAME = "$(TARGET_NAME)";
				SWIFT_EMIT_LOC_STRINGS = NO;
				SWIFT_VERSION = 5.0;
				TARGETED_DEVICE_FAMILY = "1,2";
				TEST_TARGET_NAME = Xylophone;
			};
			name = Debug;
		};
		2315A7FB2A705E1E00F12DDA /* Release */ = {
			isa = XCBuildConfiguration;
			buildSettings = {
				ALWAYS_EMBED_SWIFT_STANDARD_LIBRARIES = YES;
				CODE_SIGN_STYLE = Automatic;
				CURRENT_PROJECT_VERSION = 1;
				DEVELOPMENT_TEAM = G8DZCJ336Q;
				GENERATE_INFOPLIST_FILE = YES;
				MARKETING_VERSION = 1.0;
				PRODUCT_BUNDLE_IDENTIFIER = com.eduardzepciuc.XylophoneUITests;
				PRODUCT_NAME = "$(TARGET_NAME)";
				SWIFT_EMIT_LOC_STRINGS = NO;
				SWIFT_VERSION = 5.0;
				TARGETED_DEVICE_FAMILY = "1,2";
				TEST_TARGET_NAME = Xylophone;
			};
			name = Release;
		};
/* End XCBuildConfiguration section */

/* Begin XCConfigurationList section */
		2315A7C42A705E1800F12DDA /* Build configuration list for PBXProject "Xylophone" */ = {
			isa = XCConfigurationList;
			buildConfigurations = (
				2315A7F12A705E1E00F12DDA /* Debug */,
				2315A7F22A705E1E00F12DDA /* Release */,
			);
			defaultConfigurationIsVisible = 0;
			defaultConfigurationName = Release;
		};
		2315A7F32A705E1E00F12DDA /* Build configuration list for PBXNativeTarget "Xylophone" */ = {
			isa = XCConfigurationList;
			buildConfigurations = (
				2315A7F42A705E1E00F12DDA /* Debug */,
				2315A7F52A705E1E00F12DDA /* Release */,
			);
			defaultConfigurationIsVisible = 0;
			defaultConfigurationName = Release;
		};
		2315A7F62A705E1E00F12DDA /* Build configuration list for PBXNativeTarget "XylophoneTests" */ = {
			isa = XCConfigurationList;
			buildConfigurations = (
				2315A7F72A705E1E00F12DDA /* Debug */,
				2315A7F82A705E1E00F12DDA /* Release */,
			);
			defaultConfigurationIsVisible = 0;
			defaultConfigurationName = Release;
		};
		2315A7F92A705E1E00F12DDA /* Build configuration list for PBXNativeTarget "XylophoneUITests" */ = {
			isa = XCConfigurationList;
			buildConfigurations = (
				2315A7FA2A705E1E00F12DDA /* Debug */,
				2315A7FB2A705E1E00F12DDA /* Release */,
			);
			defaultConfigurationIsVisible = 0;
			defaultConfigurationName = Release;
		};
/* End XCConfigurationList section */
	};
	rootObject = 2315A7C12A705E1800F12DDA /* Project object */;
}
